{
  "name": "rescript-sql2",
  "version": "1.0.0",
  "lockfileVersion": 2,
  "requires": true,
  "packages": {
    "": {
      "name": "rescript-sql2",
      "version": "1.0.0",
      "license": "MIT",
      "dependencies": {
        "nesthydrationjs": "^2.0.0"
      },
      "devDependencies": {
        "rescript": "^10.1.0-rc.2"
      }
    },
    "node_modules/lodash.isarray": {
      "version": "4.0.0",
      "resolved": "https://registry.npmjs.org/lodash.isarray/-/lodash.isarray-4.0.0.tgz",
      "integrity": "sha512-V8ViWvoNlXpCrB6Ewaj3ScRXUpmCvqp4tJUxa3dlovuJj/8lp3SND5Kw4v5OeuHgoyw4qJN+gl36qZqp6WYQ6g==",
      "deprecated": "This package is deprecated. Use Array.isArray."
    },
    "node_modules/lodash.isfunction": {
      "version": "3.0.9",
      "resolved": "https://registry.npmjs.org/lodash.isfunction/-/lodash.isfunction-3.0.9.tgz",
      "integrity": "sha512-AirXNj15uRIMMPihnkInB4i3NHeb4iBtNg9WRWuK2o31S+ePwwNmDPaTL3o7dTJ+VXNZim7rFs4rxN4YU1oUJw=="
    },
    "node_modules/lodash.isplainobject": {
      "version": "4.0.6",
      "resolved": "https://registry.npmjs.org/lodash.isplainobject/-/lodash.isplainobject-4.0.6.tgz",
      "integrity": "sha512-oSXzaWypCMHkPC3NvBEaPHf0KsA5mvPrOPgQWDsbg8n7orZ290M0BmC/jgRZ4vcJ6DTAhjrsSYgdsW/F+MFOBA=="
    },
    "node_modules/lodash.keys": {
      "version": "4.2.0",
      "resolved": "https://registry.npmjs.org/lodash.keys/-/lodash.keys-4.2.0.tgz",
      "integrity": "sha512-J79MkJcp7Df5mizHiVNpjoHXLi4HLjh9VLS/M7lQSGoQ+0oQ+lWEigREkqKyizPB1IawvQLLKY8mzEcm1tkyxQ=="
    },
    "node_modules/lodash.values": {
      "version": "4.3.0",
      "resolved": "https://registry.npmjs.org/lodash.values/-/lodash.values-4.3.0.tgz",
      "integrity": "sha512-r0RwvdCv8id9TUblb/O7rYPwVy6lerCbcawrfdo9iC/1t1wsNMJknO79WNBgwkH0hIeJ08jmvvESbFpNb4jH0Q=="
    },
    "node_modules/nesthydrationjs": {
      "version": "2.0.0",
      "resolved": "https://registry.npmjs.org/nesthydrationjs/-/nesthydrationjs-2.0.0.tgz",
      "integrity": "sha512-5XiGmDrMSDLvBbZJSIKNlnD4Xg6PEL+Tax4qdNYeNfCi9n7W6o4L3NsiFh+qBHxe3NIvDzL6fYsg7jGEeB78oQ==",
      "dependencies": {
        "lodash.isarray": "^4.0.0",
        "lodash.isfunction": "^3.0.9",
        "lodash.isplainobject": "^4.0.6",
        "lodash.keys": "^4.2.0",
        "lodash.values": "^4.3.0"
      }
    },
    "node_modules/rescript": {
      "version": "10.1.0-rc.2",
      "resolved": "https://registry.npmjs.org/rescript/-/rescript-10.1.0-rc.2.tgz",
      "integrity": "sha512-CZuzCjc4gc78WBd/oEUmrz8k6hoR3DiEo6A1myJ9EkkBV97jZM92IcFSxbQJZ6SFr4bvsym4WbvNfQ0AYBXQ3g==",
      "dev": true,
      "hasInstallScript": true,
      "license": "SEE LICENSE IN LICENSE",
      "bin": {
        "bsc": "bsc",
        "bsrefmt": "bsrefmt",
        "bstracing": "lib/bstracing",
        "rescript": "rescript"
      }
    }
  },
  "dependencies": {
    "lodash.isarray": {
      "version": "4.0.0",
      "resolved": "https://registry.npmjs.org/lodash.isarray/-/lodash.isarray-4.0.0.tgz",
      "integrity": "sha512-V8ViWvoNlXpCrB6Ewaj3ScRXUpmCvqp4tJUxa3dlovuJj/8lp3SND5Kw4v5OeuHgoyw4qJN+gl36qZqp6WYQ6g=="
    },
    "lodash.isfunction": {
      "version": "3.0.9",
      "resolved": "https://registry.npmjs.org/lodash.isfunction/-/lodash.isfunction-3.0.9.tgz",
      "integrity": "sha512-AirXNj15uRIMMPihnkInB4i3NHeb4iBtNg9WRWuK2o31S+ePwwNmDPaTL3o7dTJ+VXNZim7rFs4rxN4YU1oUJw=="
    },
    "lodash.isplainobject": {
      "version": "4.0.6",
      "resolved": "https://registry.npmjs.org/lodash.isplainobject/-/lodash.isplainobject-4.0.6.tgz",
      "integrity": "sha512-oSXzaWypCMHkPC3NvBEaPHf0KsA5mvPrOPgQWDsbg8n7orZ290M0BmC/jgRZ4vcJ6DTAhjrsSYgdsW/F+MFOBA=="
    },
    "lodash.keys": {
      "version": "4.2.0",
      "resolved": "https://registry.npmjs.org/lodash.keys/-/lodash.keys-4.2.0.tgz",
      "integrity": "sha512-J79MkJcp7Df5mizHiVNpjoHXLi4HLjh9VLS/M7lQSGoQ+0oQ+lWEigREkqKyizPB1IawvQLLKY8mzEcm1tkyxQ=="
    },
    "lodash.values": {
      "version": "4.3.0",
      "resolved": "https://registry.npmjs.org/lodash.values/-/lodash.values-4.3.0.tgz",
      "integrity": "sha512-r0RwvdCv8id9TUblb/O7rYPwVy6lerCbcawrfdo9iC/1t1wsNMJknO79WNBgwkH0hIeJ08jmvvESbFpNb4jH0Q=="
    },
    "nesthydrationjs": {
      "version": "2.0.0",
      "resolved": "https://registry.npmjs.org/nesthydrationjs/-/nesthydrationjs-2.0.0.tgz",
      "integrity": "sha512-5XiGmDrMSDLvBbZJSIKNlnD4Xg6PEL+Tax4qdNYeNfCi9n7W6o4L3NsiFh+qBHxe3NIvDzL6fYsg7jGEeB78oQ==",
      "requires": {
        "lodash.isarray": "^4.0.0",
        "lodash.isfunction": "^3.0.9",
        "lodash.isplainobject": "^4.0.6",
        "lodash.keys": "^4.2.0",
        "lodash.values": "^4.3.0"
      }
    },
    "rescript": {
      "version": "10.1.0-rc.2",
      "resolved": "https://registry.npmjs.org/rescript/-/rescript-10.1.0-rc.2.tgz",
      "integrity": "sha512-CZuzCjc4gc78WBd/oEUmrz8k6hoR3DiEo6A1myJ9EkkBV97jZM92IcFSxbQJZ6SFr4bvsym4WbvNfQ0AYBXQ3g==",
      "dev": true
    }
  }
}
